
Microsoft Visual Studio Solution File, Format Version 12.00
# Visual Studio Version 16
VisualStudioVersion = 16.0.31515.178
MinimumVisualStudioVersion = 10.0.40219.1
Project("{2150E333-8FDC-42A3-9474-1A3956D46DE8}") = "Services", "Services", "{1CD8E9C1-7ABD-4A3A-9F12-35F043233685}"
EndProject
Project("{2150E333-8FDC-42A3-9474-1A3956D46DE8}") = "UI", "UI", "{90BD1369-A9DE-445A-A009-F35733C0754B}"
EndProject
Project("{9A19103F-16F7-4668-BE54-9A1E7A4F7556}") = "Manager.API", "Services\Manager\Manager.API\Manager.API.csproj", "{B480D753-1A56-4409-AB4C-27DB8E7110DC}"
EndProject
Project("{2150E333-8FDC-42A3-9474-1A3956D46DE8}") = "Shared", "Shared", "{1AC213B5-D284-4041-8883-F1269367B499}"
EndProject
Project("{FAE04EC0-301F-11D3-BF4B-00C04F79EFBC}") = "Manager.Shared", "Shared\Manager.Shared\Manager.Shared.csproj", "{55C7477F-030C-4974-B62B-C5D2F942BE9E}"
EndProject
Project("{FAE04EC0-301F-11D3-BF4B-00C04F79EFBC}") = "Manager.UI", "UI\Manager.UI\Manager.UI.csproj", "{342A5037-5823-4F81-8F9F-E4AE1B63BCD3}"
EndProject
Global
	GlobalSection(SolutionConfigurationPlatforms) = preSolution
		Debug|Any CPU = Debug|Any CPU
		Release|Any CPU = Release|Any CPU
	EndGlobalSection
	GlobalSection(ProjectConfigurationPlatforms) = postSolution
		{B480D753-1A56-4409-AB4C-27DB8E7110DC}.Debug|Any CPU.ActiveCfg = Debug|Any CPU
		{B480D753-1A56-4409-AB4C-27DB8E7110DC}.Debug|Any CPU.Build.0 = Debug|Any CPU
		{B480D753-1A56-4409-AB4C-27DB8E7110DC}.Release|Any CPU.ActiveCfg = Release|Any CPU
		{B480D753-1A56-4409-AB4C-27DB8E7110DC}.Release|Any CPU.Build.0 = Release|Any CPU
		{55C7477F-030C-4974-B62B-C5D2F942BE9E}.Debug|Any CPU.ActiveCfg = Debug|Any CPU
		{55C7477F-030C-4974-B62B-C5D2F942BE9E}.Debug|Any CPU.Build.0 = Debug|Any CPU
		{55C7477F-030C-4974-B62B-C5D2F942BE9E}.Release|Any CPU.ActiveCfg = Release|Any CPU
		{55C7477F-030C-4974-B62B-C5D2F942BE9E}.Release|Any CPU.Build.0 = Release|Any CPU
		{342A5037-5823-4F81-8F9F-E4AE1B63BCD3}.Debug|Any CPU.ActiveCfg = Debug|Any CPU
		{342A5037-5823-4F81-8F9F-E4AE1B63BCD3}.Debug|Any CPU.Build.0 = Debug|Any CPU
		{342A5037-5823-4F81-8F9F-E4AE1B63BCD3}.Release|Any CPU.ActiveCfg = Release|Any CPU
		{342A5037-5823-4F81-8F9F-E4AE1B63BCD3}.Release|Any CPU.Build.0 = Release|Any CPU
	EndGlobalSection
	GlobalSection(SolutionProperties) = preSolution
		HideSolutionNode = FALSE
	EndGlobalSection
	GlobalSection(NestedProjects) = preSolution
		{B480D753-1A56-4409-AB4C-27DB8E7110DC} = {1CD8E9C1-7ABD-4A3A-9F12-35F043233685}
		{55C7477F-030C-4974-B62B-C5D2F942BE9E} = {1AC213B5-D284-4041-8883-F1269367B499}
		{342A5037-5823-4F81-8F9F-E4AE1B63BCD3} = {90BD1369-A9DE-445A-A009-F35733C0754B}
	EndGlobalSection
	GlobalSection(ExtensibilityGlobals) = postSolution
		SolutionGuid = {39DF93AB-D27A-4A0D-A96D-5B819422AB08}
	EndGlobalSection
EndGlobal
